{
  "name": "odl-to-json",
  "lockfileVersion": 2,
  "requires": true,
  "packages": {
    "": {
      "dependencies": {
        "@cumulus/pvl": "^9.3.0"
      }
    },
    "node_modules/@cumulus/pvl": {
      "version": "9.3.0",
      "resolved": "https://registry.npmjs.org/@cumulus/pvl/-/pvl-9.3.0.tgz",
      "integrity": "sha512-a81yQ8rcDQid6VQXpJvCl8SApqQi8OgOVQ6q+dsjP5DXWXugsez2TrYZBNP089O6pZinwtpBoQ8i6WiTiEMvvQ==",
      "dependencies": {
        "lodash": "^4.17.20"
      }
    },
    "node_modules/lodash": {
      "version": "4.17.21",
      "resolved": "https://registry.npmjs.org/lodash/-/lodash-4.17.21.tgz",
      "integrity": "sha512-v2kDEe57lecTulaDIuNTPy3Ry4gLGJ6Z1O3vE1krgXZNrsQ+LFTGHVxVjcXPs17LhbZVGedAJv8XZ1tvj5FvSg=="
    }
  },
  "dependencies": {
    "@cumulus/pvl": {
      "version": "9.3.0",
      "resolved": "https://registry.npmjs.org/@cumulus/pvl/-/pvl-9.3.0.tgz",
      "integrity": "sha512-a81yQ8rcDQid6VQXpJvCl8SApqQi8OgOVQ6q+dsjP5DXWXugsez2TrYZBNP089O6pZinwtpBoQ8i6WiTiEMvvQ==",
      "requires": {
        "lodash": "^4.17.20"
      }
    },
    "lodash": {
      "version": "4.17.21",
      "resolved": "https://registry.npmjs.org/lodash/-/lodash-4.17.21.tgz",
      "integrity": "sha512-v2kDEe57lecTulaDIuNTPy3Ry4gLGJ6Z1O3vE1krgXZNrsQ+LFTGHVxVjcXPs17LhbZVGedAJv8XZ1tvj5FvSg=="
    }
  }
}
